
Microsoft Visual Studio Solution File, Format Version 12.00
# Visual Studio Version 16
VisualStudioVersion = 16.0.30907.101
MinimumVisualStudioVersion = 10.0.40219.1
Project("{8BC9CEB8-8B4A-11D0-8D11-00A0C91BC942}") = "2D arrays test", "2D arrays test\2D arrays test.vcxproj", "{F332F769-62B8-4514-A9E8-5F7CBE438A0F}"
EndProject
Global
	GlobalSection(SolutionConfigurationPlatforms) = preSolution
		Debug|x64 = Debug|x64
		Debug|x86 = Debug|x86
		Release|x64 = Release|x64
		Release|x86 = Release|x86
	EndGlobalSection
	GlobalSection(ProjectConfigurationPlatforms) = postSolution
		{F332F769-62B8-4514-A9E8-5F7CBE438A0F}.Debug|x64.ActiveCfg = Debug|x64
		{F332F769-62B8-4514-A9E8-5F7CBE438A0F}.Debug|x64.Build.0 = Debug|x64
		{F332F769-62B8-4514-A9E8-5F7CBE438A0F}.Debug|x86.ActiveCfg = Debug|Win32
		{F332F769-62B8-4514-A9E8-5F7CBE438A0F}.Debug|x86.Build.0 = Debug|Win32
		{F332F769-62B8-4514-A9E8-5F7CBE438A0F}.Release|x64.ActiveCfg = Release|x64
		{F332F769-62B8-4514-A9E8-5F7CBE438A0F}.Release|x64.Build.0 = Release|x64
		{F332F769-62B8-4514-A9E8-5F7CBE438A0F}.Release|x86.ActiveCfg = Release|Win32
		{F332F769-62B8-4514-A9E8-5F7CBE438A0F}.Release|x86.Build.0 = Release|Win32
	EndGlobalSection
	GlobalSection(SolutionProperties) = preSolution
		HideSolutionNode = FALSE
	EndGlobalSection
	GlobalSection(ExtensibilityGlobals) = postSolution
		SolutionGuid = {AC0C9657-EF2C-4FF9-93C5-A26E2A093209}
	EndGlobalSection
EndGlobal
